
Microsoft Visual Studio Solution File, Format Version 12.00
# Visual Studio Version 16
VisualStudioVersion = 16.0.31313.79
MinimumVisualStudioVersion = 10.0.40219.1
Project("{FAE04EC0-301F-11D3-BF4B-00C04F79EFBC}") = "ExoDistributeur", "ExoDistributeur\ExoDistributeur.csproj", "{D9E85237-91C6-43EA-9433-EB6CFB9539DD}"
EndProject
Global
	GlobalSection(SolutionConfigurationPlatforms) = preSolution
		Debug|Any CPU = Debug|Any CPU
		Release|Any CPU = Release|Any CPU
	EndGlobalSection
	GlobalSection(ProjectConfigurationPlatforms) = postSolution
		{D9E85237-91C6-43EA-9433-EB6CFB9539DD}.Debug|Any CPU.ActiveCfg = Debug|Any CPU
		{D9E85237-91C6-43EA-9433-EB6CFB9539DD}.Debug|Any CPU.Build.0 = Debug|Any CPU
		{D9E85237-91C6-43EA-9433-EB6CFB9539DD}.Release|Any CPU.ActiveCfg = Release|Any CPU
		{D9E85237-91C6-43EA-9433-EB6CFB9539DD}.Release|Any CPU.Build.0 = Release|Any CPU
	EndGlobalSection
	GlobalSection(SolutionProperties) = preSolution
		HideSolutionNode = FALSE
	EndGlobalSection
	GlobalSection(ExtensibilityGlobals) = postSolution
		SolutionGuid = {76B07A9E-28AD-4B8F-8EA6-E6F7F9664C14}
	EndGlobalSection
EndGlobal
